
Microsoft Visual Studio Solution File, Format Version 12.00
# Visual Studio 15
VisualStudioVersion = 15.0.28010.2050
MinimumVisualStudioVersion = 10.0.40219.1
Project("{FAE04EC0-301F-11D3-BF4B-00C04F79EFBC}") = "Mazal-Tov", "Mazal-Tov\Mazal-Tov.csproj", "{DDA1699D-C4DB-4B73-9710-309B9B82805F}"
EndProject
Project("{FAE04EC0-301F-11D3-BF4B-00C04F79EFBC}") = "DAL", "DAL\DAL.csproj", "{DB24D3B1-7AFC-46FC-866C-F914348CECDA}"
EndProject
Project("{FAE04EC0-301F-11D3-BF4B-00C04F79EFBC}") = "BL", "BL\BL.csproj", "{DE2E84C7-5923-4E1F-96EA-93E33C4694D2}"
EndProject
Project("{FAE04EC0-301F-11D3-BF4B-00C04F79EFBC}") = "DTO", "DTO\DTO.csproj", "{4D727276-D64E-4E4B-BC9F-B87394E8F4AF}"
EndProject
Global
	GlobalSection(SolutionConfigurationPlatforms) = preSolution
		Debug|Any CPU = Debug|Any CPU
		Release|Any CPU = Release|Any CPU
	EndGlobalSection
	GlobalSection(ProjectConfigurationPlatforms) = postSolution
		{DDA1699D-C4DB-4B73-9710-309B9B82805F}.Debug|Any CPU.ActiveCfg = Debug|Any CPU
		{DDA1699D-C4DB-4B73-9710-309B9B82805F}.Debug|Any CPU.Build.0 = Debug|Any CPU
		{DDA1699D-C4DB-4B73-9710-309B9B82805F}.Release|Any CPU.ActiveCfg = Release|Any CPU
		{DDA1699D-C4DB-4B73-9710-309B9B82805F}.Release|Any CPU.Build.0 = Release|Any CPU
		{DB24D3B1-7AFC-46FC-866C-F914348CECDA}.Debug|Any CPU.ActiveCfg = Debug|Any CPU
		{DB24D3B1-7AFC-46FC-866C-F914348CECDA}.Debug|Any CPU.Build.0 = Debug|Any CPU
		{DB24D3B1-7AFC-46FC-866C-F914348CECDA}.Release|Any CPU.ActiveCfg = Release|Any CPU
		{DB24D3B1-7AFC-46FC-866C-F914348CECDA}.Release|Any CPU.Build.0 = Release|Any CPU
		{DE2E84C7-5923-4E1F-96EA-93E33C4694D2}.Debug|Any CPU.ActiveCfg = Debug|Any CPU
		{DE2E84C7-5923-4E1F-96EA-93E33C4694D2}.Debug|Any CPU.Build.0 = Debug|Any CPU
		{DE2E84C7-5923-4E1F-96EA-93E33C4694D2}.Release|Any CPU.ActiveCfg = Release|Any CPU
		{DE2E84C7-5923-4E1F-96EA-93E33C4694D2}.Release|Any CPU.Build.0 = Release|Any CPU
		{4D727276-D64E-4E4B-BC9F-B87394E8F4AF}.Debug|Any CPU.ActiveCfg = Debug|Any CPU
		{4D727276-D64E-4E4B-BC9F-B87394E8F4AF}.Debug|Any CPU.Build.0 = Debug|Any CPU
		{4D727276-D64E-4E4B-BC9F-B87394E8F4AF}.Release|Any CPU.ActiveCfg = Release|Any CPU
		{4D727276-D64E-4E4B-BC9F-B87394E8F4AF}.Release|Any CPU.Build.0 = Release|Any CPU
	EndGlobalSection
	GlobalSection(SolutionProperties) = preSolution
		HideSolutionNode = FALSE
	EndGlobalSection
	GlobalSection(ExtensibilityGlobals) = postSolution
		SolutionGuid = {8713B8D8-9614-4B76-B6A2-17A67EDC74F0}
	EndGlobalSection
EndGlobal
